
Microsoft Visual Studio Solution File, Format Version 12.00
# Visual Studio Version 16
VisualStudioVersion = 16.0.29806.167
MinimumVisualStudioVersion = 10.0.40219.1
Project("{FAE04EC0-301F-11D3-BF4B-00C04F79EFBC}") = "SimpleApiServer", "SimpleApiServer\SimpleApiServer.csproj", "{FE20E64B-D5E9-484B-8080-C15AFBB04260}"
EndProject
Global
	GlobalSection(SolutionConfigurationPlatforms) = preSolution
		Debug|Any CPU = Debug|Any CPU
		Release|Any CPU = Release|Any CPU
	EndGlobalSection
	GlobalSection(ProjectConfigurationPlatforms) = postSolution
		{FE20E64B-D5E9-484B-8080-C15AFBB04260}.Debug|Any CPU.ActiveCfg = Debug|Any CPU
		{FE20E64B-D5E9-484B-8080-C15AFBB04260}.Debug|Any CPU.Build.0 = Debug|Any CPU
		{FE20E64B-D5E9-484B-8080-C15AFBB04260}.Release|Any CPU.ActiveCfg = Release|Any CPU
		{FE20E64B-D5E9-484B-8080-C15AFBB04260}.Release|Any CPU.Build.0 = Release|Any CPU
	EndGlobalSection
	GlobalSection(SolutionProperties) = preSolution
		HideSolutionNode = FALSE
	EndGlobalSection
	GlobalSection(ExtensibilityGlobals) = postSolution
		SolutionGuid = {98CFF980-6A08-4A7A-BB56-EE4453A1AFDD}
	EndGlobalSection
EndGlobal
